
Microsoft Visual Studio Solution File, Format Version 12.00
# Visual Studio 15
Project("{FAE04EC0-301F-11D3-BF4B-00C04F79EFBC}") = "UnityEngine.TestRunner", "UnityEngine.TestRunner.csproj", "{82978809-BF76-F071-6E32-A6EEB9D229E4}"
EndProject
Project("{FAE04EC0-301F-11D3-BF4B-00C04F79EFBC}") = "UnityEngine.UI", "UnityEngine.UI.csproj", "{EE892C11-6D75-6A24-4F1A-C176769C4C6F}"
EndProject
Project("{FAE04EC0-301F-11D3-BF4B-00C04F79EFBC}") = "Unity.Mathematics", "Unity.Mathematics.csproj", "{93A8C600-68AD-FEE5-8BBF-C66EC26AACD6}"
EndProject
Project("{FAE04EC0-301F-11D3-BF4B-00C04F79EFBC}") = "Unity.VisualScripting.State", "Unity.VisualScripting.State.csproj", "{E0066571-5DFB-283D-9136-EC5EA4D4E9D7}"
EndProject
Project("{FAE04EC0-301F-11D3-BF4B-00C04F79EFBC}") = "Unity.VisualScripting.Core", "Unity.VisualScripting.Core.csproj", "{A704E8C5-2081-6551-DDB2-B624130E5908}"
EndProject
Project("{FAE04EC0-301F-11D3-BF4B-00C04F79EFBC}") = "Unity.VisualScripting.Flow", "Unity.VisualScripting.Flow.csproj", "{62BCB27F-6F8C-D690-8D3F-69C6E4BDED38}"
EndProject
Project("{FAE04EC0-301F-11D3-BF4B-00C04F79EFBC}") = "Unity.2D.Animation.Runtime", "Unity.2D.Animation.Runtime.csproj", "{7A7081DB-C19B-F148-201C-7C8E1DF6DBD1}"
EndProject
Project("{FAE04EC0-301F-11D3-BF4B-00C04F79EFBC}") = "Unity.TextMeshPro", "Unity.TextMeshPro.csproj", "{45449171-9F8E-0E47-6B2B-DEFBF87053AD}"
EndProject
Project("{FAE04EC0-301F-11D3-BF4B-00C04F79EFBC}") = "Unity.Timeline", "Unity.Timeline.csproj", "{DD534F14-BE9E-2F7D-2D9B-38EEBFD97D5B}"
EndProject
Project("{FAE04EC0-301F-11D3-BF4B-00C04F79EFBC}") = "Assembly-CSharp", "Assembly-CSharp.csproj", "{4ABD25F2-7453-1E14-1C63-BCE00338D1E5}"
EndProject
Project("{FAE04EC0-301F-11D3-BF4B-00C04F79EFBC}") = "Unity.2D.SpriteShape.Runtime", "Unity.2D.SpriteShape.Runtime.csproj", "{6075F5AF-7A8A-FF07-BC66-EFAF38CC5FC5}"
EndProject
Project("{FAE04EC0-301F-11D3-BF4B-00C04F79EFBC}") = "Unity.2D.Animation.Triangle.Runtime", "Unity.2D.Animation.Triangle.Runtime.csproj", "{93915AC6-A2BE-9EC4-D071-66301B836485}"
EndProject
Project("{FAE04EC0-301F-11D3-BF4B-00C04F79EFBC}") = "Unity.2D.PixelPerfect", "Unity.2D.PixelPerfect.csproj", "{2A57A619-0B92-BE05-CCA7-2F40B697C9AD}"
EndProject
Project("{FAE04EC0-301F-11D3-BF4B-00C04F79EFBC}") = "Unity.2D.IK.Runtime", "Unity.2D.IK.Runtime.csproj", "{0691D5DF-4E89-E067-47A2-47B3A9841EFE}"
EndProject
Project("{FAE04EC0-301F-11D3-BF4B-00C04F79EFBC}") = "Unity.2D.Tilemap.Extras", "Unity.2D.Tilemap.Extras.csproj", "{0499EB57-1B87-DE74-DA6B-F84B6A6FA6AA}"
EndProject
Project("{FAE04EC0-301F-11D3-BF4B-00C04F79EFBC}") = "Unity.2D.Common.Runtime", "Unity.2D.Common.Runtime.csproj", "{17FB9DD0-A907-A2E2-178E-53F380A0CF9C}"
EndProject
Project("{FAE04EC0-301F-11D3-BF4B-00C04F79EFBC}") = "Unity.InternalAPIEngineBridge.001", "Unity.InternalAPIEngineBridge.001.csproj", "{D9A29BAF-CEF5-1B98-F810-F17219E9A502}"
EndProject
Project("{FAE04EC0-301F-11D3-BF4B-00C04F79EFBC}") = "Unity.PlasticSCM.Editor", "Unity.PlasticSCM.Editor.csproj", "{7DF49269-ADBE-57D0-C0C4-F2AB2E8122C9}"
EndProject
Project("{FAE04EC0-301F-11D3-BF4B-00C04F79EFBC}") = "Unity.VisualScripting.Core.Editor", "Unity.VisualScripting.Core.Editor.csproj", "{4819446A-EC66-8437-9ADA-3F36E4A499F6}"
EndProject
Project("{FAE04EC0-301F-11D3-BF4B-00C04F79EFBC}") = "Unity.VisualStudio.Editor", "Unity.VisualStudio.Editor.csproj", "{92BF4305-1CDA-52BC-FDC4-0842C7D4BEFD}"
EndProject
Project("{FAE04EC0-301F-11D3-BF4B-00C04F79EFBC}") = "Unity.Timeline.Editor", "Unity.Timeline.Editor.csproj", "{7B1843DA-4F7C-F26A-530B-73ED444B0F64}"
EndProject
Project("{FAE04EC0-301F-11D3-BF4B-00C04F79EFBC}") = "Unity.VisualScripting.State.Editor", "Unity.VisualScripting.State.Editor.csproj", "{CB095066-6FA5-EDF8-AC1F-5AC02EF03F37}"
EndProject
Project("{FAE04EC0-301F-11D3-BF4B-00C04F79EFBC}") = "Unity.TextMeshPro.Editor", "Unity.TextMeshPro.Editor.csproj", "{D02FCFD6-4D5E-E359-FDBD-CAC0C255EB06}"
EndProject
Project("{FAE04EC0-301F-11D3-BF4B-00C04F79EFBC}") = "Unity.2D.Animation.Editor", "Unity.2D.Animation.Editor.csproj", "{74FF0AB3-8FCB-3D5D-974E-AD95EADBB2C6}"
EndProject
Project("{FAE04EC0-301F-11D3-BF4B-00C04F79EFBC}") = "VSSettingsProvider", "VSSettingsProvider.csproj", "{51F4E177-202A-323C-1D69-6DADF86AA1CA}"
EndProject
Project("{FAE04EC0-301F-11D3-BF4B-00C04F79EFBC}") = "Unity.CollabProxy.Editor", "Unity.CollabProxy.Editor.csproj", "{EED22F00-8124-E216-24E7-61E12B11B616}"
EndProject
Project("{FAE04EC0-301F-11D3-BF4B-00C04F79EFBC}") = "UnityEditor.TestRunner", "UnityEditor.TestRunner.csproj", "{B340BF22-F092-B4D4-BB5F-2ED8A5A93116}"
EndProject
Project("{FAE04EC0-301F-11D3-BF4B-00C04F79EFBC}") = "Unity.VisualScripting.Flow.Editor", "Unity.VisualScripting.Flow.Editor.csproj", "{CE5BCCCA-B27D-58A5-5A4F-0DDA7FA684C2}"
EndProject
Project("{FAE04EC0-301F-11D3-BF4B-00C04F79EFBC}") = "Unity.Rider.Editor", "Unity.Rider.Editor.csproj", "{F649B110-4B4F-0893-8064-1F30577C07A7}"
EndProject
Project("{FAE04EC0-301F-11D3-BF4B-00C04F79EFBC}") = "Unity.2D.Path.Editor", "Unity.2D.Path.Editor.csproj", "{9AF49CC5-D5A5-BA59-6AB6-74C089BD7FA2}"
EndProject
Project("{FAE04EC0-301F-11D3-BF4B-00C04F79EFBC}") = "PsdPlugin", "PsdPlugin.csproj", "{989DE4AC-762E-7EE0-DA43-D1349EA43B6D}"
EndProject
Project("{FAE04EC0-301F-11D3-BF4B-00C04F79EFBC}") = "Unity.2D.IK.Editor", "Unity.2D.IK.Editor.csproj", "{4D5051F9-C44D-78D7-8BFA-A45469EB6DF3}"
EndProject
Project("{FAE04EC0-301F-11D3-BF4B-00C04F79EFBC}") = "Unity.2D.Psdimporter.Editor", "Unity.2D.Psdimporter.Editor.csproj", "{3ECD8C52-E626-0817-DAD2-5AE804F74E02}"
EndProject
Project("{FAE04EC0-301F-11D3-BF4B-00C04F79EFBC}") = "Unity.2D.SpriteShape.Editor", "Unity.2D.SpriteShape.Editor.csproj", "{9925F0EC-5489-16FC-D713-0D8B9C595B8E}"
EndProject
Project("{FAE04EC0-301F-11D3-BF4B-00C04F79EFBC}") = "Unity.2D.Tilemap.Editor", "Unity.2D.Tilemap.Editor.csproj", "{6285EC58-EEAF-4B1D-E9F3-E1B1446F924F}"
EndProject
Project("{FAE04EC0-301F-11D3-BF4B-00C04F79EFBC}") = "Unity.2D.PixelPerfect.Editor", "Unity.2D.PixelPerfect.Editor.csproj", "{744DDAD8-8612-2802-0F57-F1E150086F36}"
EndProject
Project("{FAE04EC0-301F-11D3-BF4B-00C04F79EFBC}") = "Unity.VSCode.Editor", "Unity.VSCode.Editor.csproj", "{4C2CD33D-01DE-D1FE-4636-54280F0C595C}"
EndProject
Project("{FAE04EC0-301F-11D3-BF4B-00C04F79EFBC}") = "Unity.2D.Sprite.Editor", "Unity.2D.Sprite.Editor.csproj", "{D24397CF-BD28-120B-3CAA-11D6BFDF6B1B}"
EndProject
Project("{FAE04EC0-301F-11D3-BF4B-00C04F79EFBC}") = "UnityEditor.UI", "UnityEditor.UI.csproj", "{549BD746-91A0-6B6C-087D-8479DC644C87}"
EndProject
Project("{FAE04EC0-301F-11D3-BF4B-00C04F79EFBC}") = "Unity.Mathematics.Editor", "Unity.Mathematics.Editor.csproj", "{2A744D17-B298-615B-04AC-5DFB9C436E8A}"
EndProject
Project("{FAE04EC0-301F-11D3-BF4B-00C04F79EFBC}") = "Unity.2D.Common.Editor", "Unity.2D.Common.Editor.csproj", "{7F2E6071-EA83-6741-80CC-FC13D1DA0D30}"
EndProject
Project("{FAE04EC0-301F-11D3-BF4B-00C04F79EFBC}") = "Unity.2D.Tilemap.Extras.Editor", "Unity.2D.Tilemap.Extras.Editor.csproj", "{93959CCB-B854-5677-06F9-42F4811DF348}"
EndProject
Project("{FAE04EC0-301F-11D3-BF4B-00C04F79EFBC}") = "Unity.InternalAPIEditorBridge.001", "Unity.InternalAPIEditorBridge.001.csproj", "{EB39A6B9-8F13-CBC2-89C3-F8A723B13656}"
EndProject
Project("{FAE04EC0-301F-11D3-BF4B-00C04F79EFBC}") = "UnityEngine.TestRunner", "UnityEngine.TestRunner.Player.csproj", "{5E304F17-B636-757C-914B-7E9A204761EC}"
EndProject
Project("{FAE04EC0-301F-11D3-BF4B-00C04F79EFBC}") = "UnityEngine.UI", "UnityEngine.UI.Player.csproj", "{F8C58296-9C5F-50EA-252C-D1251E895C48}"
EndProject
Project("{FAE04EC0-301F-11D3-BF4B-00C04F79EFBC}") = "Unity.Mathematics", "Unity.Mathematics.Player.csproj", "{BB636973-F871-E66C-7CFC-CECACCA64739}"
EndProject
Project("{FAE04EC0-301F-11D3-BF4B-00C04F79EFBC}") = "Unity.VisualScripting.State", "Unity.VisualScripting.State.Player.csproj", "{8A960F5E-250F-1C08-94DB-C18C66CF829D}"
EndProject
Project("{FAE04EC0-301F-11D3-BF4B-00C04F79EFBC}") = "Unity.VisualScripting.Core", "Unity.VisualScripting.Core.Player.csproj", "{280DF9B7-A1E7-A244-E944-0ACD19A858E0}"
EndProject
Project("{FAE04EC0-301F-11D3-BF4B-00C04F79EFBC}") = "Unity.VisualScripting.Flow", "Unity.VisualScripting.Flow.Player.csproj", "{EB32D5A0-49E0-E97C-3406-8E030DC53C49}"
EndProject
Project("{FAE04EC0-301F-11D3-BF4B-00C04F79EFBC}") = "Unity.2D.Animation.Runtime", "Unity.2D.Animation.Runtime.Player.csproj", "{675CA946-F2D8-F163-22F1-C6C675E786BA}"
EndProject
Project("{FAE04EC0-301F-11D3-BF4B-00C04F79EFBC}") = "Unity.TextMeshPro", "Unity.TextMeshPro.Player.csproj", "{4B87140A-9692-1E1E-DF54-572F5028352D}"
EndProject
Project("{FAE04EC0-301F-11D3-BF4B-00C04F79EFBC}") = "Unity.Timeline", "Unity.Timeline.Player.csproj", "{70B5EC81-A219-634E-04A9-B9ED17FDD64C}"
EndProject
Project("{FAE04EC0-301F-11D3-BF4B-00C04F79EFBC}") = "Assembly-CSharp", "Assembly-CSharp.Player.csproj", "{1BD62FAD-1EF1-C536-C9B5-0D279DEAA334}"
EndProject
Project("{FAE04EC0-301F-11D3-BF4B-00C04F79EFBC}") = "Unity.2D.SpriteShape.Runtime", "Unity.2D.SpriteShape.Runtime.Player.csproj", "{1334A99A-F320-56CE-CAD6-91D2C21AB4E2}"
EndProject
Project("{FAE04EC0-301F-11D3-BF4B-00C04F79EFBC}") = "Unity.2D.Animation.Triangle.Runtime", "Unity.2D.Animation.Triangle.Runtime.Player.csproj", "{2E82271F-30CA-794C-5BE1-377FF9422566}"
EndProject
Project("{FAE04EC0-301F-11D3-BF4B-00C04F79EFBC}") = "Unity.2D.PixelPerfect", "Unity.2D.PixelPerfect.Player.csproj", "{661EC465-CBAB-2C95-8374-FE82BDCFE77C}"
EndProject
Project("{FAE04EC0-301F-11D3-BF4B-00C04F79EFBC}") = "Unity.2D.IK.Runtime", "Unity.2D.IK.Runtime.Player.csproj", "{AE01669E-0724-8848-ACDA-814DE0E7A2CA}"
EndProject
Project("{FAE04EC0-301F-11D3-BF4B-00C04F79EFBC}") = "Unity.2D.Tilemap.Extras", "Unity.2D.Tilemap.Extras.Player.csproj", "{AB8444D6-F99C-9F5F-CDBF-A12A9067B64B}"
EndProject
Project("{FAE04EC0-301F-11D3-BF4B-00C04F79EFBC}") = "Unity.2D.Common.Runtime", "Unity.2D.Common.Runtime.Player.csproj", "{1727F956-4C9B-A85C-A31C-87C4E70C688B}"
EndProject
Project("{FAE04EC0-301F-11D3-BF4B-00C04F79EFBC}") = "Unity.InternalAPIEngineBridge.001", "Unity.InternalAPIEngineBridge.001.Player.csproj", "{B4E371B8-E130-D69F-194C-89605AFB1C1A}"
EndProject
Global
	GlobalSection(SolutionConfigurationPlatforms) = preSolution
		Debug|Any CPU = Debug|Any CPU
		Release|Any CPU = Release|Any CPU
	EndGlobalSection
	GlobalSection(ProjectConfigurationPlatforms) = postSolution
		{82978809-BF76-F071-6E32-A6EEB9D229E4}.Debug|Any CPU.ActiveCfg = Debug|Any CPU
		{82978809-BF76-F071-6E32-A6EEB9D229E4}.Debug|Any CPU.Build.0 = Debug|Any CPU
		{82978809-BF76-F071-6E32-A6EEB9D229E4}.Release|Any CPU.ActiveCfg = Release|Any CPU
		{82978809-BF76-F071-6E32-A6EEB9D229E4}.Release|Any CPU.Build.0 = Release|Any CPU
		{EE892C11-6D75-6A24-4F1A-C176769C4C6F}.Debug|Any CPU.ActiveCfg = Debug|Any CPU
		{EE892C11-6D75-6A24-4F1A-C176769C4C6F}.Debug|Any CPU.Build.0 = Debug|Any CPU
		{EE892C11-6D75-6A24-4F1A-C176769C4C6F}.Release|Any CPU.ActiveCfg = Release|Any CPU
		{EE892C11-6D75-6A24-4F1A-C176769C4C6F}.Release|Any CPU.Build.0 = Release|Any CPU
		{93A8C600-68AD-FEE5-8BBF-C66EC26AACD6}.Debug|Any CPU.ActiveCfg = Debug|Any CPU
		{93A8C600-68AD-FEE5-8BBF-C66EC26AACD6}.Debug|Any CPU.Build.0 = Debug|Any CPU
		{93A8C600-68AD-FEE5-8BBF-C66EC26AACD6}.Release|Any CPU.ActiveCfg = Release|Any CPU
		{93A8C600-68AD-FEE5-8BBF-C66EC26AACD6}.Release|Any CPU.Build.0 = Release|Any CPU
		{E0066571-5DFB-283D-9136-EC5EA4D4E9D7}.Debug|Any CPU.ActiveCfg = Debug|Any CPU
		{E0066571-5DFB-283D-9136-EC5EA4D4E9D7}.Debug|Any CPU.Build.0 = Debug|Any CPU
		{E0066571-5DFB-283D-9136-EC5EA4D4E9D7}.Release|Any CPU.ActiveCfg = Release|Any CPU
		{E0066571-5DFB-283D-9136-EC5EA4D4E9D7}.Release|Any CPU.Build.0 = Release|Any CPU
		{A704E8C5-2081-6551-DDB2-B624130E5908}.Debug|Any CPU.ActiveCfg = Debug|Any CPU
		{A704E8C5-2081-6551-DDB2-B624130E5908}.Debug|Any CPU.Build.0 = Debug|Any CPU
		{A704E8C5-2081-6551-DDB2-B624130E5908}.Release|Any CPU.ActiveCfg = Release|Any CPU
		{A704E8C5-2081-6551-DDB2-B624130E5908}.Release|Any CPU.Build.0 = Release|Any CPU
		{62BCB27F-6F8C-D690-8D3F-69C6E4BDED38}.Debug|Any CPU.ActiveCfg = Debug|Any CPU
		{62BCB27F-6F8C-D690-8D3F-69C6E4BDED38}.Debug|Any CPU.Build.0 = Debug|Any CPU
		{62BCB27F-6F8C-D690-8D3F-69C6E4BDED38}.Release|Any CPU.ActiveCfg = Release|Any CPU
		{62BCB27F-6F8C-D690-8D3F-69C6E4BDED38}.Release|Any CPU.Build.0 = Release|Any CPU
		{7A7081DB-C19B-F148-201C-7C8E1DF6DBD1}.Debug|Any CPU.ActiveCfg = Debug|Any CPU
		{7A7081DB-C19B-F148-201C-7C8E1DF6DBD1}.Debug|Any CPU.Build.0 = Debug|Any CPU
		{7A7081DB-C19B-F148-201C-7C8E1DF6DBD1}.Release|Any CPU.ActiveCfg = Release|Any CPU
		{7A7081DB-C19B-F148-201C-7C8E1DF6DBD1}.Release|Any CPU.Build.0 = Release|Any CPU
		{45449171-9F8E-0E47-6B2B-DEFBF87053AD}.Debug|Any CPU.ActiveCfg = Debug|Any CPU
		{45449171-9F8E-0E47-6B2B-DEFBF87053AD}.Debug|Any CPU.Build.0 = Debug|Any CPU
		{45449171-9F8E-0E47-6B2B-DEFBF87053AD}.Release|Any CPU.ActiveCfg = Release|Any CPU
		{45449171-9F8E-0E47-6B2B-DEFBF87053AD}.Release|Any CPU.Build.0 = Release|Any CPU
		{DD534F14-BE9E-2F7D-2D9B-38EEBFD97D5B}.Debug|Any CPU.ActiveCfg = Debug|Any CPU
		{DD534F14-BE9E-2F7D-2D9B-38EEBFD97D5B}.Debug|Any CPU.Build.0 = Debug|Any CPU
		{DD534F14-BE9E-2F7D-2D9B-38EEBFD97D5B}.Release|Any CPU.ActiveCfg = Release|Any CPU
		{DD534F14-BE9E-2F7D-2D9B-38EEBFD97D5B}.Release|Any CPU.Build.0 = Release|Any CPU
		{4ABD25F2-7453-1E14-1C63-BCE00338D1E5}.Debug|Any CPU.ActiveCfg = Debug|Any CPU
		{4ABD25F2-7453-1E14-1C63-BCE00338D1E5}.Debug|Any CPU.Build.0 = Debug|Any CPU
		{4ABD25F2-7453-1E14-1C63-BCE00338D1E5}.Release|Any CPU.ActiveCfg = Release|Any CPU
		{4ABD25F2-7453-1E14-1C63-BCE00338D1E5}.Release|Any CPU.Build.0 = Release|Any CPU
		{6075F5AF-7A8A-FF07-BC66-EFAF38CC5FC5}.Debug|Any CPU.ActiveCfg = Debug|Any CPU
		{6075F5AF-7A8A-FF07-BC66-EFAF38CC5FC5}.Debug|Any CPU.Build.0 = Debug|Any CPU
		{6075F5AF-7A8A-FF07-BC66-EFAF38CC5FC5}.Release|Any CPU.ActiveCfg = Release|Any CPU
		{6075F5AF-7A8A-FF07-BC66-EFAF38CC5FC5}.Release|Any CPU.Build.0 = Release|Any CPU
		{93915AC6-A2BE-9EC4-D071-66301B836485}.Debug|Any CPU.ActiveCfg = Debug|Any CPU
		{93915AC6-A2BE-9EC4-D071-66301B836485}.Debug|Any CPU.Build.0 = Debug|Any CPU
		{93915AC6-A2BE-9EC4-D071-66301B836485}.Release|Any CPU.ActiveCfg = Release|Any CPU
		{93915AC6-A2BE-9EC4-D071-66301B836485}.Release|Any CPU.Build.0 = Release|Any CPU
		{2A57A619-0B92-BE05-CCA7-2F40B697C9AD}.Debug|Any CPU.ActiveCfg = Debug|Any CPU
		{2A57A619-0B92-BE05-CCA7-2F40B697C9AD}.Debug|Any CPU.Build.0 = Debug|Any CPU
		{2A57A619-0B92-BE05-CCA7-2F40B697C9AD}.Release|Any CPU.ActiveCfg = Release|Any CPU
		{2A57A619-0B92-BE05-CCA7-2F40B697C9AD}.Release|Any CPU.Build.0 = Release|Any CPU
		{0691D5DF-4E89-E067-47A2-47B3A9841EFE}.Debug|Any CPU.ActiveCfg = Debug|Any CPU
		{0691D5DF-4E89-E067-47A2-47B3A9841EFE}.Debug|Any CPU.Build.0 = Debug|Any CPU
		{0691D5DF-4E89-E067-47A2-47B3A9841EFE}.Release|Any CPU.ActiveCfg = Release|Any CPU
		{0691D5DF-4E89-E067-47A2-47B3A9841EFE}.Release|Any CPU.Build.0 = Release|Any CPU
		{0499EB57-1B87-DE74-DA6B-F84B6A6FA6AA}.Debug|Any CPU.ActiveCfg = Debug|Any CPU
		{0499EB57-1B87-DE74-DA6B-F84B6A6FA6AA}.Debug|Any CPU.Build.0 = Debug|Any CPU
		{0499EB57-1B87-DE74-DA6B-F84B6A6FA6AA}.Release|Any CPU.ActiveCfg = Release|Any CPU
		{0499EB57-1B87-DE74-DA6B-F84B6A6FA6AA}.Release|Any CPU.Build.0 = Release|Any CPU
		{17FB9DD0-A907-A2E2-178E-53F380A0CF9C}.Debug|Any CPU.ActiveCfg = Debug|Any CPU
		{17FB9DD0-A907-A2E2-178E-53F380A0CF9C}.Debug|Any CPU.Build.0 = Debug|Any CPU
		{17FB9DD0-A907-A2E2-178E-53F380A0CF9C}.Release|Any CPU.ActiveCfg = Release|Any CPU
		{17FB9DD0-A907-A2E2-178E-53F380A0CF9C}.Release|Any CPU.Build.0 = Release|Any CPU
		{D9A29BAF-CEF5-1B98-F810-F17219E9A502}.Debug|Any CPU.ActiveCfg = Debug|Any CPU
		{D9A29BAF-CEF5-1B98-F810-F17219E9A502}.Debug|Any CPU.Build.0 = Debug|Any CPU
		{D9A29BAF-CEF5-1B98-F810-F17219E9A502}.Release|Any CPU.ActiveCfg = Release|Any CPU
		{D9A29BAF-CEF5-1B98-F810-F17219E9A502}.Release|Any CPU.Build.0 = Release|Any CPU
		{7DF49269-ADBE-57D0-C0C4-F2AB2E8122C9}.Debug|Any CPU.ActiveCfg = Debug|Any CPU
		{7DF49269-ADBE-57D0-C0C4-F2AB2E8122C9}.Debug|Any CPU.Build.0 = Debug|Any CPU
		{7DF49269-ADBE-57D0-C0C4-F2AB2E8122C9}.Release|Any CPU.ActiveCfg = Release|Any CPU
		{7DF49269-ADBE-57D0-C0C4-F2AB2E8122C9}.Release|Any CPU.Build.0 = Release|Any CPU
		{4819446A-EC66-8437-9ADA-3F36E4A499F6}.Debug|Any CPU.ActiveCfg = Debug|Any CPU
		{4819446A-EC66-8437-9ADA-3F36E4A499F6}.Debug|Any CPU.Build.0 = Debug|Any CPU
		{4819446A-EC66-8437-9ADA-3F36E4A499F6}.Release|Any CPU.ActiveCfg = Release|Any CPU
		{4819446A-EC66-8437-9ADA-3F36E4A499F6}.Release|Any CPU.Build.0 = Release|Any CPU
		{92BF4305-1CDA-52BC-FDC4-0842C7D4BEFD}.Debug|Any CPU.ActiveCfg = Debug|Any CPU
		{92BF4305-1CDA-52BC-FDC4-0842C7D4BEFD}.Debug|Any CPU.Build.0 = Debug|Any CPU
		{92BF4305-1CDA-52BC-FDC4-0842C7D4BEFD}.Release|Any CPU.ActiveCfg = Release|Any CPU
		{92BF4305-1CDA-52BC-FDC4-0842C7D4BEFD}.Release|Any CPU.Build.0 = Release|Any CPU
		{7B1843DA-4F7C-F26A-530B-73ED444B0F64}.Debug|Any CPU.ActiveCfg = Debug|Any CPU
		{7B1843DA-4F7C-F26A-530B-73ED444B0F64}.Debug|Any CPU.Build.0 = Debug|Any CPU
		{7B1843DA-4F7C-F26A-530B-73ED444B0F64}.Release|Any CPU.ActiveCfg = Release|Any CPU
		{7B1843DA-4F7C-F26A-530B-73ED444B0F64}.Release|Any CPU.Build.0 = Release|Any CPU
		{CB095066-6FA5-EDF8-AC1F-5AC02EF03F37}.Debug|Any CPU.ActiveCfg = Debug|Any CPU
		{CB095066-6FA5-EDF8-AC1F-5AC02EF03F37}.Debug|Any CPU.Build.0 = Debug|Any CPU
		{CB095066-6FA5-EDF8-AC1F-5AC02EF03F37}.Release|Any CPU.ActiveCfg = Release|Any CPU
		{CB095066-6FA5-EDF8-AC1F-5AC02EF03F37}.Release|Any CPU.Build.0 = Release|Any CPU
		{D02FCFD6-4D5E-E359-FDBD-CAC0C255EB06}.Debug|Any CPU.ActiveCfg = Debug|Any CPU
		{D02FCFD6-4D5E-E359-FDBD-CAC0C255EB06}.Debug|Any CPU.Build.0 = Debug|Any CPU
		{D02FCFD6-4D5E-E359-FDBD-CAC0C255EB06}.Release|Any CPU.ActiveCfg = Release|Any CPU
		{D02FCFD6-4D5E-E359-FDBD-CAC0C255EB06}.Release|Any CPU.Build.0 = Release|Any CPU
		{74FF0AB3-8FCB-3D5D-974E-AD95EADBB2C6}.Debug|Any CPU.ActiveCfg = Debug|Any CPU
		{74FF0AB3-8FCB-3D5D-974E-AD95EADBB2C6}.Debug|Any CPU.Build.0 = Debug|Any CPU
		{74FF0AB3-8FCB-3D5D-974E-AD95EADBB2C6}.Release|Any CPU.ActiveCfg = Release|Any CPU
		{74FF0AB3-8FCB-3D5D-974E-AD95EADBB2C6}.Release|Any CPU.Build.0 = Release|Any CPU
		{51F4E177-202A-323C-1D69-6DADF86AA1CA}.Debug|Any CPU.ActiveCfg = Debug|Any CPU
		{51F4E177-202A-323C-1D69-6DADF86AA1CA}.Debug|Any CPU.Build.0 = Debug|Any CPU
		{51F4E177-202A-323C-1D69-6DADF86AA1CA}.Release|Any CPU.ActiveCfg = Release|Any CPU
		{51F4E177-202A-323C-1D69-6DADF86AA1CA}.Release|Any CPU.Build.0 = Release|Any CPU
		{EED22F00-8124-E216-24E7-61E12B11B616}.Debug|Any CPU.ActiveCfg = Debug|Any CPU
		{EED22F00-8124-E216-24E7-61E12B11B616}.Debug|Any CPU.Build.0 = Debug|Any CPU
		{EED22F00-8124-E216-24E7-61E12B11B616}.Release|Any CPU.ActiveCfg = Release|Any CPU
		{EED22F00-8124-E216-24E7-61E12B11B616}.Release|Any CPU.Build.0 = Release|Any CPU
		{B340BF22-F092-B4D4-BB5F-2ED8A5A93116}.Debug|Any CPU.ActiveCfg = Debug|Any CPU
		{B340BF22-F092-B4D4-BB5F-2ED8A5A93116}.Debug|Any CPU.Build.0 = Debug|Any CPU
		{B340BF22-F092-B4D4-BB5F-2ED8A5A93116}.Release|Any CPU.ActiveCfg = Release|Any CPU
		{B340BF22-F092-B4D4-BB5F-2ED8A5A93116}.Release|Any CPU.Build.0 = Release|Any CPU
		{CE5BCCCA-B27D-58A5-5A4F-0DDA7FA684C2}.Debug|Any CPU.ActiveCfg = Debug|Any CPU
		{CE5BCCCA-B27D-58A5-5A4F-0DDA7FA684C2}.Debug|Any CPU.Build.0 = Debug|Any CPU
		{CE5BCCCA-B27D-58A5-5A4F-0DDA7FA684C2}.Release|Any CPU.ActiveCfg = Release|Any CPU
		{CE5BCCCA-B27D-58A5-5A4F-0DDA7FA684C2}.Release|Any CPU.Build.0 = Release|Any CPU
		{F649B110-4B4F-0893-8064-1F30577C07A7}.Debug|Any CPU.ActiveCfg = Debug|Any CPU
		{F649B110-4B4F-0893-8064-1F30577C07A7}.Debug|Any CPU.Build.0 = Debug|Any CPU
		{F649B110-4B4F-0893-8064-1F30577C07A7}.Release|Any CPU.ActiveCfg = Release|Any CPU
		{F649B110-4B4F-0893-8064-1F30577C07A7}.Release|Any CPU.Build.0 = Release|Any CPU
		{9AF49CC5-D5A5-BA59-6AB6-74C089BD7FA2}.Debug|Any CPU.ActiveCfg = Debug|Any CPU
		{9AF49CC5-D5A5-BA59-6AB6-74C089BD7FA2}.Debug|Any CPU.Build.0 = Debug|Any CPU
		{9AF49CC5-D5A5-BA59-6AB6-74C089BD7FA2}.Release|Any CPU.ActiveCfg = Release|Any CPU
		{9AF49CC5-D5A5-BA59-6AB6-74C089BD7FA2}.Release|Any CPU.Build.0 = Release|Any CPU
		{989DE4AC-762E-7EE0-DA43-D1349EA43B6D}.Debug|Any CPU.ActiveCfg = Debug|Any CPU
		{989DE4AC-762E-7EE0-DA43-D1349EA43B6D}.Debug|Any CPU.Build.0 = Debug|Any CPU
		{989DE4AC-762E-7EE0-DA43-D1349EA43B6D}.Release|Any CPU.ActiveCfg = Release|Any CPU
		{989DE4AC-762E-7EE0-DA43-D1349EA43B6D}.Release|Any CPU.Build.0 = Release|Any CPU
		{4D5051F9-C44D-78D7-8BFA-A45469EB6DF3}.Debug|Any CPU.ActiveCfg = Debug|Any CPU
		{4D5051F9-C44D-78D7-8BFA-A45469EB6DF3}.Debug|Any CPU.Build.0 = Debug|Any CPU
		{4D5051F9-C44D-78D7-8BFA-A45469EB6DF3}.Release|Any CPU.ActiveCfg = Release|Any CPU
		{4D5051F9-C44D-78D7-8BFA-A45469EB6DF3}.Release|Any CPU.Build.0 = Release|Any CPU
		{3ECD8C52-E626-0817-DAD2-5AE804F74E02}.Debug|Any CPU.ActiveCfg = Debug|Any CPU
		{3ECD8C52-E626-0817-DAD2-5AE804F74E02}.Debug|Any CPU.Build.0 = Debug|Any CPU
		{3ECD8C52-E626-0817-DAD2-5AE804F74E02}.Release|Any CPU.ActiveCfg = Release|Any CPU
		{3ECD8C52-E626-0817-DAD2-5AE804F74E02}.Release|Any CPU.Build.0 = Release|Any CPU
		{9925F0EC-5489-16FC-D713-0D8B9C595B8E}.Debug|Any CPU.ActiveCfg = Debug|Any CPU
		{9925F0EC-5489-16FC-D713-0D8B9C595B8E}.Debug|Any CPU.Build.0 = Debug|Any CPU
		{9925F0EC-5489-16FC-D713-0D8B9C595B8E}.Release|Any CPU.ActiveCfg = Release|Any CPU
		{9925F0EC-5489-16FC-D713-0D8B9C595B8E}.Release|Any CPU.Build.0 = Release|Any CPU
		{6285EC58-EEAF-4B1D-E9F3-E1B1446F924F}.Debug|Any CPU.ActiveCfg = Debug|Any CPU
		{6285EC58-EEAF-4B1D-E9F3-E1B1446F924F}.Debug|Any CPU.Build.0 = Debug|Any CPU
		{6285EC58-EEAF-4B1D-E9F3-E1B1446F924F}.Release|Any CPU.ActiveCfg = Release|Any CPU
		{6285EC58-EEAF-4B1D-E9F3-E1B1446F924F}.Release|Any CPU.Build.0 = Release|Any CPU
		{744DDAD8-8612-2802-0F57-F1E150086F36}.Debug|Any CPU.ActiveCfg = Debug|Any CPU
		{744DDAD8-8612-2802-0F57-F1E150086F36}.Debug|Any CPU.Build.0 = Debug|Any CPU
		{744DDAD8-8612-2802-0F57-F1E150086F36}.Release|Any CPU.ActiveCfg = Release|Any CPU
		{744DDAD8-8612-2802-0F57-F1E150086F36}.Release|Any CPU.Build.0 = Release|Any CPU
		{4C2CD33D-01DE-D1FE-4636-54280F0C595C}.Debug|Any CPU.ActiveCfg = Debug|Any CPU
		{4C2CD33D-01DE-D1FE-4636-54280F0C595C}.Debug|Any CPU.Build.0 = Debug|Any CPU
		{4C2CD33D-01DE-D1FE-4636-54280F0C595C}.Release|Any CPU.ActiveCfg = Release|Any CPU
		{4C2CD33D-01DE-D1FE-4636-54280F0C595C}.Release|Any CPU.Build.0 = Release|Any CPU
		{D24397CF-BD28-120B-3CAA-11D6BFDF6B1B}.Debug|Any CPU.ActiveCfg = Debug|Any CPU
		{D24397CF-BD28-120B-3CAA-11D6BFDF6B1B}.Debug|Any CPU.Build.0 = Debug|Any CPU
		{D24397CF-BD28-120B-3CAA-11D6BFDF6B1B}.Release|Any CPU.ActiveCfg = Release|Any CPU
		{D24397CF-BD28-120B-3CAA-11D6BFDF6B1B}.Release|Any CPU.Build.0 = Release|Any CPU
		{549BD746-91A0-6B6C-087D-8479DC644C87}.Debug|Any CPU.ActiveCfg = Debug|Any CPU
		{549BD746-91A0-6B6C-087D-8479DC644C87}.Debug|Any CPU.Build.0 = Debug|Any CPU
		{549BD746-91A0-6B6C-087D-8479DC644C87}.Release|Any CPU.ActiveCfg = Release|Any CPU
		{549BD746-91A0-6B6C-087D-8479DC644C87}.Release|Any CPU.Build.0 = Release|Any CPU
		{2A744D17-B298-615B-04AC-5DFB9C436E8A}.Debug|Any CPU.ActiveCfg = Debug|Any CPU
		{2A744D17-B298-615B-04AC-5DFB9C436E8A}.Debug|Any CPU.Build.0 = Debug|Any CPU
		{2A744D17-B298-615B-04AC-5DFB9C436E8A}.Release|Any CPU.ActiveCfg = Release|Any CPU
		{2A744D17-B298-615B-04AC-5DFB9C436E8A}.Release|Any CPU.Build.0 = Release|Any CPU
		{7F2E6071-EA83-6741-80CC-FC13D1DA0D30}.Debug|Any CPU.ActiveCfg = Debug|Any CPU
		{7F2E6071-EA83-6741-80CC-FC13D1DA0D30}.Debug|Any CPU.Build.0 = Debug|Any CPU
		{7F2E6071-EA83-6741-80CC-FC13D1DA0D30}.Release|Any CPU.ActiveCfg = Release|Any CPU
		{7F2E6071-EA83-6741-80CC-FC13D1DA0D30}.Release|Any CPU.Build.0 = Release|Any CPU
		{93959CCB-B854-5677-06F9-42F4811DF348}.Debug|Any CPU.ActiveCfg = Debug|Any CPU
		{93959CCB-B854-5677-06F9-42F4811DF348}.Debug|Any CPU.Build.0 = Debug|Any CPU
		{93959CCB-B854-5677-06F9-42F4811DF348}.Release|Any CPU.ActiveCfg = Release|Any CPU
		{93959CCB-B854-5677-06F9-42F4811DF348}.Release|Any CPU.Build.0 = Release|Any CPU
		{EB39A6B9-8F13-CBC2-89C3-F8A723B13656}.Debug|Any CPU.ActiveCfg = Debug|Any CPU
		{EB39A6B9-8F13-CBC2-89C3-F8A723B13656}.Debug|Any CPU.Build.0 = Debug|Any CPU
		{EB39A6B9-8F13-CBC2-89C3-F8A723B13656}.Release|Any CPU.ActiveCfg = Release|Any CPU
		{EB39A6B9-8F13-CBC2-89C3-F8A723B13656}.Release|Any CPU.Build.0 = Release|Any CPU
		{5E304F17-B636-757C-914B-7E9A204761EC}.Debug|Any CPU.ActiveCfg = Debug|Any CPU
		{5E304F17-B636-757C-914B-7E9A204761EC}.Debug|Any CPU.Build.0 = Debug|Any CPU
		{5E304F17-B636-757C-914B-7E9A204761EC}.Release|Any CPU.ActiveCfg = Release|Any CPU
		{5E304F17-B636-757C-914B-7E9A204761EC}.Release|Any CPU.Build.0 = Release|Any CPU
		{F8C58296-9C5F-50EA-252C-D1251E895C48}.Debug|Any CPU.ActiveCfg = Debug|Any CPU
		{F8C58296-9C5F-50EA-252C-D1251E895C48}.Debug|Any CPU.Build.0 = Debug|Any CPU
		{F8C58296-9C5F-50EA-252C-D1251E895C48}.Release|Any CPU.ActiveCfg = Release|Any CPU
		{F8C58296-9C5F-50EA-252C-D1251E895C48}.Release|Any CPU.Build.0 = Release|Any CPU
		{BB636973-F871-E66C-7CFC-CECACCA64739}.Debug|Any CPU.ActiveCfg = Debug|Any CPU
		{BB636973-F871-E66C-7CFC-CECACCA64739}.Debug|Any CPU.Build.0 = Debug|Any CPU
		{BB636973-F871-E66C-7CFC-CECACCA64739}.Release|Any CPU.ActiveCfg = Release|Any CPU
		{BB636973-F871-E66C-7CFC-CECACCA64739}.Release|Any CPU.Build.0 = Release|Any CPU
		{8A960F5E-250F-1C08-94DB-C18C66CF829D}.Debug|Any CPU.ActiveCfg = Debug|Any CPU
		{8A960F5E-250F-1C08-94DB-C18C66CF829D}.Debug|Any CPU.Build.0 = Debug|Any CPU
		{8A960F5E-250F-1C08-94DB-C18C66CF829D}.Release|Any CPU.ActiveCfg = Release|Any CPU
		{8A960F5E-250F-1C08-94DB-C18C66CF829D}.Release|Any CPU.Build.0 = Release|Any CPU
		{280DF9B7-A1E7-A244-E944-0ACD19A858E0}.Debug|Any CPU.ActiveCfg = Debug|Any CPU
		{280DF9B7-A1E7-A244-E944-0ACD19A858E0}.Debug|Any CPU.Build.0 = Debug|Any CPU
		{280DF9B7-A1E7-A244-E944-0ACD19A858E0}.Release|Any CPU.ActiveCfg = Release|Any CPU
		{280DF9B7-A1E7-A244-E944-0ACD19A858E0}.Release|Any CPU.Build.0 = Release|Any CPU
		{EB32D5A0-49E0-E97C-3406-8E030DC53C49}.Debug|Any CPU.ActiveCfg = Debug|Any CPU
		{EB32D5A0-49E0-E97C-3406-8E030DC53C49}.Debug|Any CPU.Build.0 = Debug|Any CPU
		{EB32D5A0-49E0-E97C-3406-8E030DC53C49}.Release|Any CPU.ActiveCfg = Release|Any CPU
		{EB32D5A0-49E0-E97C-3406-8E030DC53C49}.Release|Any CPU.Build.0 = Release|Any CPU
		{675CA946-F2D8-F163-22F1-C6C675E786BA}.Debug|Any CPU.ActiveCfg = Debug|Any CPU
		{675CA946-F2D8-F163-22F1-C6C675E786BA}.Debug|Any CPU.Build.0 = Debug|Any CPU
		{675CA946-F2D8-F163-22F1-C6C675E786BA}.Release|Any CPU.ActiveCfg = Release|Any CPU
		{675CA946-F2D8-F163-22F1-C6C675E786BA}.Release|Any CPU.Build.0 = Release|Any CPU
		{4B87140A-9692-1E1E-DF54-572F5028352D}.Debug|Any CPU.ActiveCfg = Debug|Any CPU
		{4B87140A-9692-1E1E-DF54-572F5028352D}.Debug|Any CPU.Build.0 = Debug|Any CPU
		{4B87140A-9692-1E1E-DF54-572F5028352D}.Release|Any CPU.ActiveCfg = Release|Any CPU
		{4B87140A-9692-1E1E-DF54-572F5028352D}.Release|Any CPU.Build.0 = Release|Any CPU
		{70B5EC81-A219-634E-04A9-B9ED17FDD64C}.Debug|Any CPU.ActiveCfg = Debug|Any CPU
		{70B5EC81-A219-634E-04A9-B9ED17FDD64C}.Debug|Any CPU.Build.0 = Debug|Any CPU
		{70B5EC81-A219-634E-04A9-B9ED17FDD64C}.Release|Any CPU.ActiveCfg = Release|Any CPU
		{70B5EC81-A219-634E-04A9-B9ED17FDD64C}.Release|Any CPU.Build.0 = Release|Any CPU
		{1BD62FAD-1EF1-C536-C9B5-0D279DEAA334}.Debug|Any CPU.ActiveCfg = Debug|Any CPU
		{1BD62FAD-1EF1-C536-C9B5-0D279DEAA334}.Debug|Any CPU.Build.0 = Debug|Any CPU
		{1BD62FAD-1EF1-C536-C9B5-0D279DEAA334}.Release|Any CPU.ActiveCfg = Release|Any CPU
		{1BD62FAD-1EF1-C536-C9B5-0D279DEAA334}.Release|Any CPU.Build.0 = Release|Any CPU
		{1334A99A-F320-56CE-CAD6-91D2C21AB4E2}.Debug|Any CPU.ActiveCfg = Debug|Any CPU
		{1334A99A-F320-56CE-CAD6-91D2C21AB4E2}.Debug|Any CPU.Build.0 = Debug|Any CPU
		{1334A99A-F320-56CE-CAD6-91D2C21AB4E2}.Release|Any CPU.ActiveCfg = Release|Any CPU
		{1334A99A-F320-56CE-CAD6-91D2C21AB4E2}.Release|Any CPU.Build.0 = Release|Any CPU
		{2E82271F-30CA-794C-5BE1-377FF9422566}.Debug|Any CPU.ActiveCfg = Debug|Any CPU
		{2E82271F-30CA-794C-5BE1-377FF9422566}.Debug|Any CPU.Build.0 = Debug|Any CPU
		{2E82271F-30CA-794C-5BE1-377FF9422566}.Release|Any CPU.ActiveCfg = Release|Any CPU
		{2E82271F-30CA-794C-5BE1-377FF9422566}.Release|Any CPU.Build.0 = Release|Any CPU
		{661EC465-CBAB-2C95-8374-FE82BDCFE77C}.Debug|Any CPU.ActiveCfg = Debug|Any CPU
		{661EC465-CBAB-2C95-8374-FE82BDCFE77C}.Debug|Any CPU.Build.0 = Debug|Any CPU
		{661EC465-CBAB-2C95-8374-FE82BDCFE77C}.Release|Any CPU.ActiveCfg = Release|Any CPU
		{661EC465-CBAB-2C95-8374-FE82BDCFE77C}.Release|Any CPU.Build.0 = Release|Any CPU
		{AE01669E-0724-8848-ACDA-814DE0E7A2CA}.Debug|Any CPU.ActiveCfg = Debug|Any CPU
		{AE01669E-0724-8848-ACDA-814DE0E7A2CA}.Debug|Any CPU.Build.0 = Debug|Any CPU
		{AE01669E-0724-8848-ACDA-814DE0E7A2CA}.Release|Any CPU.ActiveCfg = Release|Any CPU
		{AE01669E-0724-8848-ACDA-814DE0E7A2CA}.Release|Any CPU.Build.0 = Release|Any CPU
		{AB8444D6-F99C-9F5F-CDBF-A12A9067B64B}.Debug|Any CPU.ActiveCfg = Debug|Any CPU
		{AB8444D6-F99C-9F5F-CDBF-A12A9067B64B}.Debug|Any CPU.Build.0 = Debug|Any CPU
		{AB8444D6-F99C-9F5F-CDBF-A12A9067B64B}.Release|Any CPU.ActiveCfg = Release|Any CPU
		{AB8444D6-F99C-9F5F-CDBF-A12A9067B64B}.Release|Any CPU.Build.0 = Release|Any CPU
		{1727F956-4C9B-A85C-A31C-87C4E70C688B}.Debug|Any CPU.ActiveCfg = Debug|Any CPU
		{1727F956-4C9B-A85C-A31C-87C4E70C688B}.Debug|Any CPU.Build.0 = Debug|Any CPU
		{1727F956-4C9B-A85C-A31C-87C4E70C688B}.Release|Any CPU.ActiveCfg = Release|Any CPU
		{1727F956-4C9B-A85C-A31C-87C4E70C688B}.Release|Any CPU.Build.0 = Release|Any CPU
		{B4E371B8-E130-D69F-194C-89605AFB1C1A}.Debug|Any CPU.ActiveCfg = Debug|Any CPU
		{B4E371B8-E130-D69F-194C-89605AFB1C1A}.Debug|Any CPU.Build.0 = Debug|Any CPU
		{B4E371B8-E130-D69F-194C-89605AFB1C1A}.Release|Any CPU.ActiveCfg = Release|Any CPU
		{B4E371B8-E130-D69F-194C-89605AFB1C1A}.Release|Any CPU.Build.0 = Release|Any CPU
	EndGlobalSection
	GlobalSection(SolutionProperties) = preSolution
		HideSolutionNode = FALSE
	EndGlobalSection
EndGlobal
